
Microsoft Visual Studio Solution File, Format Version 12.00
# Visual Studio Version 16
VisualStudioVersion = 16.0.31410.357
MinimumVisualStudioVersion = 10.0.40219.1
Project("{9A19103F-16F7-4668-BE54-9A1E7A4F7556}") = "ConsoleGameApp", "ConsoleGameApp\ConsoleGameApp.csproj", "{798C53FB-E2FC-4FD0-9DDC-9ACC9C12650C}"
EndProject
Project("{9A19103F-16F7-4668-BE54-9A1E7A4F7556}") = "LimitedList", "LimitedList\LimitedList.csproj", "{CEDF2723-1F32-40AD-8B17-1B4DE996ED91}"
EndProject
Project("{FAE04EC0-301F-11D3-BF4B-00C04F79EFBC}") = "YieldReturn", "YieldReturn\YieldReturn.csproj", "{BC0161C0-BCF9-4EC0-9534-264072FE13E1}"
EndProject
Global
	GlobalSection(SolutionConfigurationPlatforms) = preSolution
		Debug|Any CPU = Debug|Any CPU
		Release|Any CPU = Release|Any CPU
	EndGlobalSection
	GlobalSection(ProjectConfigurationPlatforms) = postSolution
		{798C53FB-E2FC-4FD0-9DDC-9ACC9C12650C}.Debug|Any CPU.ActiveCfg = Debug|Any CPU
		{798C53FB-E2FC-4FD0-9DDC-9ACC9C12650C}.Debug|Any CPU.Build.0 = Debug|Any CPU
		{798C53FB-E2FC-4FD0-9DDC-9ACC9C12650C}.Release|Any CPU.ActiveCfg = Release|Any CPU
		{798C53FB-E2FC-4FD0-9DDC-9ACC9C12650C}.Release|Any CPU.Build.0 = Release|Any CPU
		{CEDF2723-1F32-40AD-8B17-1B4DE996ED91}.Debug|Any CPU.ActiveCfg = Debug|Any CPU
		{CEDF2723-1F32-40AD-8B17-1B4DE996ED91}.Debug|Any CPU.Build.0 = Debug|Any CPU
		{CEDF2723-1F32-40AD-8B17-1B4DE996ED91}.Release|Any CPU.ActiveCfg = Release|Any CPU
		{CEDF2723-1F32-40AD-8B17-1B4DE996ED91}.Release|Any CPU.Build.0 = Release|Any CPU
		{BC0161C0-BCF9-4EC0-9534-264072FE13E1}.Debug|Any CPU.ActiveCfg = Debug|Any CPU
		{BC0161C0-BCF9-4EC0-9534-264072FE13E1}.Debug|Any CPU.Build.0 = Debug|Any CPU
		{BC0161C0-BCF9-4EC0-9534-264072FE13E1}.Release|Any CPU.ActiveCfg = Release|Any CPU
		{BC0161C0-BCF9-4EC0-9534-264072FE13E1}.Release|Any CPU.Build.0 = Release|Any CPU
	EndGlobalSection
	GlobalSection(SolutionProperties) = preSolution
		HideSolutionNode = FALSE
	EndGlobalSection
	GlobalSection(ExtensibilityGlobals) = postSolution
		SolutionGuid = {FCED68C6-90A7-407F-AF28-DF275FBB82A8}
	EndGlobalSection
EndGlobal
